{
  "name": "TypeScripts",
  "version": "1.0.0",
  "lockfileVersion": 1,
  "requires": true,
  "dependencies": {
    "@types/jquery": {
      "version": "3.3.22",
      "resolved": "https://registry.npmjs.org/@types/jquery/-/jquery-3.3.22.tgz",
      "integrity": "sha512-a4JDcIhJhHYnoWCkG3xT2CZxXZeA92JeREESorg0DMQ3ZsjuKF48h7XK4l5Gl2GRa/ItGRpKMT0pyK88yRgqXQ==",
      "dev": true,
      "requires": {
        "@types/sizzle": "*"
      }
    },
    "@types/node": {
      "version": "10.12.10",
      "resolved": "https://registry.npmjs.org/@types/node/-/node-10.12.10.tgz",
      "integrity": "sha512-8xZEYckCbUVgK8Eg7lf5Iy4COKJ5uXlnIOnePN0WUwSQggy9tolM+tDJf7wMOnT/JT/W9xDYIaYggt3mRV2O5w==",
      "dev": true
    },
    "@types/prop-types": {
      "version": "15.5.6",
      "resolved": "https://registry.npmjs.org/@types/prop-types/-/prop-types-15.5.6.tgz",
      "integrity": "sha512-ZBFR7TROLVzCkswA3Fmqq+IIJt62/T7aY/Dmz+QkU7CaW2QFqAitCE8Ups7IzmGhcN1YWMBT4Qcoc07jU9hOJQ==",
      "dev": true
    },
    "@types/react": {
      "version": "16.7.6",
      "resolved": "https://registry.npmjs.org/@types/react/-/react-16.7.6.tgz",
      "integrity": "sha512-QBUfzftr/8eg/q3ZRgf/GaDP6rTYc7ZNem+g4oZM38C9vXyV8AWRWaTQuW5yCoZTsfHrN7b3DeEiUnqH9SrnpA==",
      "dev": true,
      "requires": {
        "@types/prop-types": "*",
        "csstype": "^2.2.0"
      }
    },
    "@types/react-dom": {
      "version": "16.0.9",
      "resolved": "https://registry.npmjs.org/@types/react-dom/-/react-dom-16.0.9.tgz",
      "integrity": "sha512-4Z0bW+75zeQgsEg7RaNuS1k9MKhci7oQqZXxrV5KUGIyXZHHAAL3KA4rjhdH8o6foZ5xsRMSqkoM5A3yRVPR5w==",
      "dev": true,
      "requires": {
        "@types/node": "*",
        "@types/react": "*"
      }
    },
    "@types/sizzle": {
      "version": "2.3.2",
      "resolved": "https://registry.npmjs.org/@types/sizzle/-/sizzle-2.3.2.tgz",
      "integrity": "sha512-7EJYyKTL7tFR8+gDbB6Wwz/arpGa0Mywk1TJbNzKzHtzbwVmY4HR9WqS5VV7dsBUKQmPNr192jHr/VpBluj/hg==",
      "dev": true
    },
    "csstype": {
      "version": "2.5.7",
      "resolved": "https://registry.npmjs.org/csstype/-/csstype-2.5.7.tgz",
      "integrity": "sha512-Nt5VDyOTIIV4/nRFswoCKps1R5CD1hkiyjBE9/thNaNZILLEviVw9yWQw15+O+CpNjQKB/uvdcxFFOrSflY3Yw==",
      "dev": true
    }
  }
}
